# This file is @generated by PDM.
# It is not intended for manual editing.

[metadata]
groups = ["default"]
strategy = ["cross_platform", "inherit_metadata"]
lock_version = "4.4.1"
content_hash = "sha256:65557d836a963542b7d7875a7c4fc5a7dc19b273f2b9367135a45ef5e55a2d0d"

[[package]]
name = "dagre-py"
version = "0.1.7"
requires_python = "<4.0,>=3.6"
summary = "Thin python wrapper around dagre-d3"
groups = ["default"]
files = [
    {file = "dagre_py-0.1.7-py3-none-any.whl", hash = "sha256:827eaf932e695f5504cbfa27e8ae35893d83918ced1a485660b78095daedb9f2"},
]

[[package]]
name = "setuptools"
version = "75.1.0"
requires_python = ">=3.8"
summary = "Easily download, build, install, upgrade, and uninstall Python packages"
groups = ["default"]
files = [
    {file = "setuptools-75.1.0-py3-none-any.whl", hash = "sha256:35ab7fd3bcd95e6b7fd704e4a1539513edad446c097797f2985e0e4b960772f2"},
    {file = "setuptools-75.1.0.tar.gz", hash = "sha256:d59a21b17a275fb872a9c3dae73963160ae079f1049ed956880cd7c09b120538"},
]
